
Microsoft Visual Studio Solution File, Format Version 12.00
# Visual Studio Version 16
VisualStudioVersion = 16.0.31424.327
MinimumVisualStudioVersion = 10.0.40219.1
Project("{8BC9CEB8-8B4A-11D0-8D11-00A0C91BC942}") = "lab1", "lab1\lab1.vcxproj", "{31A42CC8-7BA8-454A-9558-3A09EAF6F417}"
EndProject
Project("{8BC9CEB8-8B4A-11D0-8D11-00A0C91BC942}") = "demo_lab1", "demo_lab1\demo_lab1.vcxproj", "{0ECBA2E6-AE92-46B3-9B0D-12EBDD57A6FC}"
EndProject
Global
	GlobalSection(SolutionConfigurationPlatforms) = preSolution
		Debug|x64 = Debug|x64
		Debug|x86 = Debug|x86
		Release|x64 = Release|x64
		Release|x86 = Release|x86
	EndGlobalSection
	GlobalSection(ProjectConfigurationPlatforms) = postSolution
		{31A42CC8-7BA8-454A-9558-3A09EAF6F417}.Debug|x64.ActiveCfg = Debug|x64
		{31A42CC8-7BA8-454A-9558-3A09EAF6F417}.Debug|x64.Build.0 = Debug|x64
		{31A42CC8-7BA8-454A-9558-3A09EAF6F417}.Debug|x86.ActiveCfg = Debug|Win32
		{31A42CC8-7BA8-454A-9558-3A09EAF6F417}.Debug|x86.Build.0 = Debug|Win32
		{31A42CC8-7BA8-454A-9558-3A09EAF6F417}.Release|x64.ActiveCfg = Release|x64
		{31A42CC8-7BA8-454A-9558-3A09EAF6F417}.Release|x64.Build.0 = Release|x64
		{31A42CC8-7BA8-454A-9558-3A09EAF6F417}.Release|x86.ActiveCfg = Release|Win32
		{31A42CC8-7BA8-454A-9558-3A09EAF6F417}.Release|x86.Build.0 = Release|Win32
		{0ECBA2E6-AE92-46B3-9B0D-12EBDD57A6FC}.Debug|x64.ActiveCfg = Debug|x64
		{0ECBA2E6-AE92-46B3-9B0D-12EBDD57A6FC}.Debug|x64.Build.0 = Debug|x64
		{0ECBA2E6-AE92-46B3-9B0D-12EBDD57A6FC}.Debug|x86.ActiveCfg = Debug|Win32
		{0ECBA2E6-AE92-46B3-9B0D-12EBDD57A6FC}.Debug|x86.Build.0 = Debug|Win32
		{0ECBA2E6-AE92-46B3-9B0D-12EBDD57A6FC}.Release|x64.ActiveCfg = Release|x64
		{0ECBA2E6-AE92-46B3-9B0D-12EBDD57A6FC}.Release|x64.Build.0 = Release|x64
		{0ECBA2E6-AE92-46B3-9B0D-12EBDD57A6FC}.Release|x86.ActiveCfg = Release|Win32
		{0ECBA2E6-AE92-46B3-9B0D-12EBDD57A6FC}.Release|x86.Build.0 = Release|Win32
	EndGlobalSection
	GlobalSection(SolutionProperties) = preSolution
		HideSolutionNode = FALSE
	EndGlobalSection
	GlobalSection(ExtensibilityGlobals) = postSolution
		SolutionGuid = {B93DA2E0-AA4E-4B55-A14F-3B2C56999E9B}
	EndGlobalSection
EndGlobal
